
Microsoft Visual Studio Solution File, Format Version 12.00
# Visual Studio Version 17
VisualStudioVersion = 17.9.34728.123
MinimumVisualStudioVersion = 10.0.40219.1
Project("{9A19103F-16F7-4668-BE54-9A1E7A4F7556}") = "TimeTrackerCourse.Server", "TimeTrackerCourse.Server\TimeTrackerCourse.Server\TimeTrackerCourse.Server.csproj", "{6018F779-1942-48EC-8452-3C3FAC43F3ED}"
EndProject
Project("{9A19103F-16F7-4668-BE54-9A1E7A4F7556}") = "TimeTrackerCourse.Client", "TimeTrackerCourse.Server\TimeTrackerCourse.Server.Client\TimeTrackerCourse.Client.csproj", "{C5912CA8-9E05-42D4-9C84-7455A975ACBD}"
EndProject
Project("{9A19103F-16F7-4668-BE54-9A1E7A4F7556}") = "TimeTrackerCourse.Shared", "TimeTrackerCourse.Shared\TimeTrackerCourse.Shared.csproj", "{1595D9CF-ADE7-4A12-B287-8CB92010D1A7}"
EndProject
Project("{9A19103F-16F7-4668-BE54-9A1E7A4F7556}") = "TimeTrackerCourse.Data", "TimeTrackerCourse.Data\TimeTrackerCourse.Data.csproj", "{575065C0-2843-45F6-A4B0-D49FA003FA0A}"
EndProject
Project("{9A19103F-16F7-4668-BE54-9A1E7A4F7556}") = "TimeTrackerCourse.Core", "TimeTrackerCourse.Core\TimeTrackerCourse.Core.csproj", "{90072FF0-F962-40E2-BEE2-93D3A0379D90}"
EndProject
Project("{9A19103F-16F7-4668-BE54-9A1E7A4F7556}") = "TimeTrackerCourse.Service", "TimeTrackerCourse.Service\TimeTrackerCourse.Service.csproj", "{FF42634C-0BAF-47C7-974D-234022B5B8FA}"
EndProject
Global
	GlobalSection(SolutionConfigurationPlatforms) = preSolution
		Debug|Any CPU = Debug|Any CPU
		Release|Any CPU = Release|Any CPU
	EndGlobalSection
	GlobalSection(ProjectConfigurationPlatforms) = postSolution
		{6018F779-1942-48EC-8452-3C3FAC43F3ED}.Debug|Any CPU.ActiveCfg = Debug|Any CPU
		{6018F779-1942-48EC-8452-3C3FAC43F3ED}.Debug|Any CPU.Build.0 = Debug|Any CPU
		{6018F779-1942-48EC-8452-3C3FAC43F3ED}.Release|Any CPU.ActiveCfg = Release|Any CPU
		{6018F779-1942-48EC-8452-3C3FAC43F3ED}.Release|Any CPU.Build.0 = Release|Any CPU
		{C5912CA8-9E05-42D4-9C84-7455A975ACBD}.Debug|Any CPU.ActiveCfg = Debug|Any CPU
		{C5912CA8-9E05-42D4-9C84-7455A975ACBD}.Debug|Any CPU.Build.0 = Debug|Any CPU
		{C5912CA8-9E05-42D4-9C84-7455A975ACBD}.Release|Any CPU.ActiveCfg = Release|Any CPU
		{C5912CA8-9E05-42D4-9C84-7455A975ACBD}.Release|Any CPU.Build.0 = Release|Any CPU
		{1595D9CF-ADE7-4A12-B287-8CB92010D1A7}.Debug|Any CPU.ActiveCfg = Debug|Any CPU
		{1595D9CF-ADE7-4A12-B287-8CB92010D1A7}.Debug|Any CPU.Build.0 = Debug|Any CPU
		{1595D9CF-ADE7-4A12-B287-8CB92010D1A7}.Release|Any CPU.ActiveCfg = Release|Any CPU
		{1595D9CF-ADE7-4A12-B287-8CB92010D1A7}.Release|Any CPU.Build.0 = Release|Any CPU
		{575065C0-2843-45F6-A4B0-D49FA003FA0A}.Debug|Any CPU.ActiveCfg = Debug|Any CPU
		{575065C0-2843-45F6-A4B0-D49FA003FA0A}.Debug|Any CPU.Build.0 = Debug|Any CPU
		{575065C0-2843-45F6-A4B0-D49FA003FA0A}.Release|Any CPU.ActiveCfg = Release|Any CPU
		{575065C0-2843-45F6-A4B0-D49FA003FA0A}.Release|Any CPU.Build.0 = Release|Any CPU
		{90072FF0-F962-40E2-BEE2-93D3A0379D90}.Debug|Any CPU.ActiveCfg = Debug|Any CPU
		{90072FF0-F962-40E2-BEE2-93D3A0379D90}.Debug|Any CPU.Build.0 = Debug|Any CPU
		{90072FF0-F962-40E2-BEE2-93D3A0379D90}.Release|Any CPU.ActiveCfg = Release|Any CPU
		{90072FF0-F962-40E2-BEE2-93D3A0379D90}.Release|Any CPU.Build.0 = Release|Any CPU
		{FF42634C-0BAF-47C7-974D-234022B5B8FA}.Debug|Any CPU.ActiveCfg = Debug|Any CPU
		{FF42634C-0BAF-47C7-974D-234022B5B8FA}.Debug|Any CPU.Build.0 = Debug|Any CPU
		{FF42634C-0BAF-47C7-974D-234022B5B8FA}.Release|Any CPU.ActiveCfg = Release|Any CPU
		{FF42634C-0BAF-47C7-974D-234022B5B8FA}.Release|Any CPU.Build.0 = Release|Any CPU
	EndGlobalSection
	GlobalSection(SolutionProperties) = preSolution
		HideSolutionNode = FALSE
	EndGlobalSection
	GlobalSection(ExtensibilityGlobals) = postSolution
		SolutionGuid = {B6D8C3F9-04E1-40FA-92D8-CDB0A41B776C}
	EndGlobalSection
EndGlobal
